
Microsoft Visual Studio Solution File, Format Version 12.00
# Visual Studio 15
VisualStudioVersion = 15.0.27428.2037
MinimumVisualStudioVersion = 10.0.40219.1
Project("{FAE04EC0-301F-11D3-BF4B-00C04F79EFBC}") = "Spike.Contracts", "Spike.Contracts\Spike.Contracts.csproj", "{3AFC5600-3408-40D5-AC70-0F14B9F41611}"
EndProject
Project("{FAE04EC0-301F-11D3-BF4B-00C04F79EFBC}") = "Spike.Integration.Web", "Spike.Integration.Web\Spike.Integration.Web.csproj", "{583524A1-F78B-48B7-A7D8-741600B9D969}"
EndProject
Project("{FAE04EC0-301F-11D3-BF4B-00C04F79EFBC}") = "Spike.Integration.Services", "Spike.Integration.Services\Spike.Integration.Services.csproj", "{DE7A4E24-244E-4137-A7D9-E42FDF2655C2}"
EndProject
Project("{2150E333-8FDC-42A3-9474-1A3956D46DE8}") = "Solution Items", "Solution Items", "{A1CF1DB9-2E2B-4193-8ADA-0B2208C42185}"
	ProjectSection(SolutionItems) = preProject
		Readme.txt = Readme.txt
	EndProjectSection
EndProject
Project("{FAE04EC0-301F-11D3-BF4B-00C04F79EFBC}") = "Spike.Integration.Client", "Spike.Integration.Client\Spike.Integration.Client.csproj", "{B4FF0D3B-48AC-48E6-AF52-CA375A0E2172}"
EndProject
Global
	GlobalSection(SolutionConfigurationPlatforms) = preSolution
		Debug|Any CPU = Debug|Any CPU
		Release|Any CPU = Release|Any CPU
	EndGlobalSection
	GlobalSection(ProjectConfigurationPlatforms) = postSolution
		{3AFC5600-3408-40D5-AC70-0F14B9F41611}.Debug|Any CPU.ActiveCfg = Debug|Any CPU
		{3AFC5600-3408-40D5-AC70-0F14B9F41611}.Debug|Any CPU.Build.0 = Debug|Any CPU
		{3AFC5600-3408-40D5-AC70-0F14B9F41611}.Release|Any CPU.ActiveCfg = Release|Any CPU
		{3AFC5600-3408-40D5-AC70-0F14B9F41611}.Release|Any CPU.Build.0 = Release|Any CPU
		{583524A1-F78B-48B7-A7D8-741600B9D969}.Debug|Any CPU.ActiveCfg = Debug|Any CPU
		{583524A1-F78B-48B7-A7D8-741600B9D969}.Debug|Any CPU.Build.0 = Debug|Any CPU
		{583524A1-F78B-48B7-A7D8-741600B9D969}.Release|Any CPU.ActiveCfg = Release|Any CPU
		{583524A1-F78B-48B7-A7D8-741600B9D969}.Release|Any CPU.Build.0 = Release|Any CPU
		{DE7A4E24-244E-4137-A7D9-E42FDF2655C2}.Debug|Any CPU.ActiveCfg = Debug|Any CPU
		{DE7A4E24-244E-4137-A7D9-E42FDF2655C2}.Debug|Any CPU.Build.0 = Debug|Any CPU
		{DE7A4E24-244E-4137-A7D9-E42FDF2655C2}.Release|Any CPU.ActiveCfg = Release|Any CPU
		{DE7A4E24-244E-4137-A7D9-E42FDF2655C2}.Release|Any CPU.Build.0 = Release|Any CPU
		{B4FF0D3B-48AC-48E6-AF52-CA375A0E2172}.Debug|Any CPU.ActiveCfg = Debug|Any CPU
		{B4FF0D3B-48AC-48E6-AF52-CA375A0E2172}.Debug|Any CPU.Build.0 = Debug|Any CPU
		{B4FF0D3B-48AC-48E6-AF52-CA375A0E2172}.Release|Any CPU.ActiveCfg = Release|Any CPU
		{B4FF0D3B-48AC-48E6-AF52-CA375A0E2172}.Release|Any CPU.Build.0 = Release|Any CPU
	EndGlobalSection
	GlobalSection(SolutionProperties) = preSolution
		HideSolutionNode = FALSE
	EndGlobalSection
	GlobalSection(ExtensibilityGlobals) = postSolution
		SolutionGuid = {DB6A3700-FBA4-435B-B8D6-E4EFC226C6F2}
	EndGlobalSection
EndGlobal
